
Microsoft Visual Studio Solution File, Format Version 12.00
# Visual Studio 2015
Project("{FAE04EC0-301F-11D3-BF4B-00C04F79EFBC}") = "NEAT_V2_Release", "NEAT_V2_Release.csproj", "{A9B13941-53F9-EB09-0E7D-C9A957D2CCBD}"
EndProject
Project("{FAE04EC0-301F-11D3-BF4B-00C04F79EFBC}") = "NEAT_V2_Release.Editor", "NEAT_V2_Release.Editor.csproj", "{71EDF1C1-8EB9-A311-A3B3-9264184EACA0}"
EndProject
Global
	GlobalSection(SolutionConfigurationPlatforms) = preSolution
		Debug|Any CPU = Debug|Any CPU
		Release|Any CPU = Release|Any CPU
	EndGlobalSection
	GlobalSection(ProjectConfigurationPlatforms) = postSolution
		{A9B13941-53F9-EB09-0E7D-C9A957D2CCBD}.Debug|Any CPU.ActiveCfg = Debug|Any CPU
		{A9B13941-53F9-EB09-0E7D-C9A957D2CCBD}.Debug|Any CPU.Build.0 = Debug|Any CPU
		{A9B13941-53F9-EB09-0E7D-C9A957D2CCBD}.Release|Any CPU.ActiveCfg = Release|Any CPU
		{A9B13941-53F9-EB09-0E7D-C9A957D2CCBD}.Release|Any CPU.Build.0 = Release|Any CPU
		{71EDF1C1-8EB9-A311-A3B3-9264184EACA0}.Debug|Any CPU.ActiveCfg = Debug|Any CPU
		{71EDF1C1-8EB9-A311-A3B3-9264184EACA0}.Debug|Any CPU.Build.0 = Debug|Any CPU
		{71EDF1C1-8EB9-A311-A3B3-9264184EACA0}.Release|Any CPU.ActiveCfg = Release|Any CPU
		{71EDF1C1-8EB9-A311-A3B3-9264184EACA0}.Release|Any CPU.Build.0 = Release|Any CPU
	EndGlobalSection
	GlobalSection(SolutionProperties) = preSolution
		HideSolutionNode = FALSE
	EndGlobalSection
EndGlobal
